
Microsoft Visual Studio Solution File, Format Version 12.00
# Visual Studio Version 16
VisualStudioVersion = 16.0.31729.503
MinimumVisualStudioVersion = 10.0.40219.1
Project("{FAE04EC0-301F-11D3-BF4B-00C04F79EFBC}") = "NestedLoop1", "NestedLoop1\NestedLoop1.csproj", "{831472A7-B25A-4BD1-95BE-6CC57BF3D48C}"
EndProject
Project("{FAE04EC0-301F-11D3-BF4B-00C04F79EFBC}") = "Triangles", "Triangles\Triangles.csproj", "{C23960F3-A568-40A8-B65B-5F9132AAA946}"
EndProject
Global
	GlobalSection(SolutionConfigurationPlatforms) = preSolution
		Debug|Any CPU = Debug|Any CPU
		Release|Any CPU = Release|Any CPU
	EndGlobalSection
	GlobalSection(ProjectConfigurationPlatforms) = postSolution
		{831472A7-B25A-4BD1-95BE-6CC57BF3D48C}.Debug|Any CPU.ActiveCfg = Debug|Any CPU
		{831472A7-B25A-4BD1-95BE-6CC57BF3D48C}.Debug|Any CPU.Build.0 = Debug|Any CPU
		{831472A7-B25A-4BD1-95BE-6CC57BF3D48C}.Release|Any CPU.ActiveCfg = Release|Any CPU
		{831472A7-B25A-4BD1-95BE-6CC57BF3D48C}.Release|Any CPU.Build.0 = Release|Any CPU
		{C23960F3-A568-40A8-B65B-5F9132AAA946}.Debug|Any CPU.ActiveCfg = Debug|Any CPU
		{C23960F3-A568-40A8-B65B-5F9132AAA946}.Debug|Any CPU.Build.0 = Debug|Any CPU
		{C23960F3-A568-40A8-B65B-5F9132AAA946}.Release|Any CPU.ActiveCfg = Release|Any CPU
		{C23960F3-A568-40A8-B65B-5F9132AAA946}.Release|Any CPU.Build.0 = Release|Any CPU
	EndGlobalSection
	GlobalSection(SolutionProperties) = preSolution
		HideSolutionNode = FALSE
	EndGlobalSection
	GlobalSection(ExtensibilityGlobals) = postSolution
		SolutionGuid = {D6026DBD-6F25-4CE1-8B8F-4240037C574B}
	EndGlobalSection
EndGlobal
